// !$*UTF8*$!
{
	archiveVersion = 1;
	classes = {
	};
	objectVersion = 46;
	objects = {

/* Begin PBXBuildFile section */
		442BB9D70653EB340041C2A9 /* CHMURLProtocol.m in Sources */ = {isa = PBXBuildFile; fileRef = 442BB9D50653EB340041C2A9 /* CHMURLProtocol.m */; };
		442BBA320653ED630041C2A9 /* CHMContainer.m in Sources */ = {isa = PBXBuildFile; fileRef = 442BBA300653ED630041C2A9 /* CHMContainer.m */; };
		442BBB310653F73E0041C2A9 /* WebKit.framework in Frameworks */ = {isa = PBXBuildFile; fileRef = 442BBB300653F73E0041C2A9 /* WebKit.framework */; };
		445DEACD07B4086C0008D692 /* Localizable.strings in Resources */ = {isa = PBXBuildFile; fileRef = 445DEACC07B4086C0008D692 /* Localizable.strings */; };
		448AF5A3064AA5E100FA37BD /* CHMDocument.m in Sources */ = {isa = PBXBuildFile; fileRef = 448AF5A1064AA5E100FA37BD /* CHMDocument.m */; };
		448AF5AD064AE52F00FA37BD /* CHMWindowController.m in Sources */ = {isa = PBXBuildFile; fileRef = 448AF5AB064AE52F00FA37BD /* CHMWindowController.m */; };
		44923A7B072C57E90070AA26 /* CHMApplication.m in Sources */ = {isa = PBXBuildFile; fileRef = 44923A79072C57E90070AA26 /* CHMApplication.m */; };
		4494977A073D406800D8BC20 /* MacPAD.url in Resources */ = {isa = PBXBuildFile; fileRef = 44949779073D406800D8BC20 /* MacPAD.url */; };
		4494984F073D5A1700D8BC20 /* MacPADSocket.m in Sources */ = {isa = PBXBuildFile; fileRef = 4494984D073D5A1700D8BC20 /* MacPADSocket.m */; };
		44A2657C080EEB8900273DC8 /* CHMDocument.xib in Resources */ = {isa = PBXBuildFile; fileRef = 44A2657B080EEB8900273DC8 /* CHMDocument.xib */; };
		44B501B306A587BA00CE0A8E /* CHMVersionChecker.m in Sources */ = {isa = PBXBuildFile; fileRef = 44B501B106A587BA00CE0A8E /* CHMVersionChecker.m */; };
		44B501C906A58D3300CE0A8E /* VersionChecker.xib in Resources */ = {isa = PBXBuildFile; fileRef = 44B501C806A58D3300CE0A8E /* VersionChecker.xib */; };
		44F984C006576CA60076336E /* CHMTopic.m in Sources */ = {isa = PBXBuildFile; fileRef = 44F984BE06576CA60076336E /* CHMTopic.m */; };
		556D137A1FB284FB00A73608 /* CHM.framework in Frameworks */ = {isa = PBXBuildFile; fileRef = 556D136F1FB284E900A73608 /* CHM.framework */; };
		556D13811FB28D8700A73608 /* CHM.framework in Embed Frameworks */ = {isa = PBXBuildFile; fileRef = 556D136F1FB284E900A73608 /* CHM.framework */; settings = {ATTRIBUTES = (CodeSignOnCopy, RemoveHeadersOnCopy, ); }; };
		559150AD1E5511540011313A /* CHMTableOfContents.swift in Sources */ = {isa = PBXBuildFile; fileRef = 559150AC1E5511540011313A /* CHMTableOfContents.swift */; };
		55B23B811E54325E009C456D /* InfoPlist.strings in Resources */ = {isa = PBXBuildFile; fileRef = 55B23B831E54325E009C456D /* InfoPlist.strings */; };
		55B23B851E543B2C009C456D /* Media.xcassets in Resources */ = {isa = PBXBuildFile; fileRef = 55B23B841E543B2C009C456D /* Media.xcassets */; };
		55D973F31E54B36300355BE3 /* libxml2.tbd in Frameworks */ = {isa = PBXBuildFile; fileRef = 55D973F21E54B36300355BE3 /* libxml2.tbd */; };
		8D15AC2C0486D014006FF6A4 /* Credits.rtf in Resources */ = {isa = PBXBuildFile; fileRef = 2A37F4B9FDCFA73011CA2CEA /* Credits.rtf */; };
		8D15AC2D0486D014006FF6A4 /* MainMenu.xib in Resources */ = {isa = PBXBuildFile; fileRef = 2A37F4B6FDCFA73011CA2CEA /* MainMenu.xib */; };
		8D15AC320486D014006FF6A4 /* main.m in Sources */ = {isa = PBXBuildFile; fileRef = 2A37F4B0FDCFA73011CA2CEA /* main.m */; settings = {ATTRIBUTES = (); }; };
		8D15AC340486D014006FF6A4 /* Cocoa.framework in Frameworks */ = {isa = PBXBuildFile; fileRef = 1058C7A7FEA54F5311CA2CBB /* Cocoa.framework */; };
/* End PBXBuildFile section */

/* Begin PBXContainerItemProxy section */
		556D136E1FB284E900A73608 /* PBXContainerItemProxy */ = {
			isa = PBXContainerItemProxy;
			containerPortal = 556D13661FB284E900A73608 /* CHM Framework.xcodeproj */;
			proxyType = 2;
			remoteGlobalIDString = 8DC2EF5B0486A6940098B216;
			remoteInfo = CHM.framework;
		};
		556D13701FB284E900A73608 /* PBXContainerItemProxy */ = {
			isa = PBXContainerItemProxy;
			containerPortal = 556D13661FB284E900A73608 /* CHM Framework.xcodeproj */;
			proxyType = 2;
			remoteGlobalIDString = C1083EFC1C934DEF00129D9C;
			remoteInfo = test;
		};
		556D13721FB284E900A73608 /* PBXContainerItemProxy */ = {
			isa = PBXContainerItemProxy;
			containerPortal = 556D13661FB284E900A73608 /* CHM Framework.xcodeproj */;
			proxyType = 2;
			remoteGlobalIDString = C1083F151C934EEA00129D9C;
			remoteInfo = enum_chmLib;
		};
		556D13741FB284E900A73608 /* PBXContainerItemProxy */ = {
			isa = PBXContainerItemProxy;
			containerPortal = 556D13661FB284E900A73608 /* CHM Framework.xcodeproj */;
			proxyType = 2;
			remoteGlobalIDString = C1083F221C934F9000129D9C;
			remoteInfo = extract_chmLib;
		};
		556D13761FB284E900A73608 /* PBXContainerItemProxy */ = {
			isa = PBXContainerItemProxy;
			containerPortal = 556D13661FB284E900A73608 /* CHM Framework.xcodeproj */;
			proxyType = 2;
			remoteGlobalIDString = C1083F2E1C934FB100129D9C;
			remoteInfo = chm_http;
		};
		556D13781FB284F500A73608 /* PBXContainerItemProxy */ = {
			isa = PBXContainerItemProxy;
			containerPortal = 556D13661FB284E900A73608 /* CHM Framework.xcodeproj */;
			proxyType = 1;
			remoteGlobalIDString = 8DC2EF4F0486A6940098B216;
			remoteInfo = CHM.framework;
		};
		556D13821FB28D8700A73608 /* PBXContainerItemProxy */ = {
			isa = PBXContainerItemProxy;
			containerPortal = 556D13661FB284E900A73608 /* CHM Framework.xcodeproj */;
			proxyType = 1;
			remoteGlobalIDString = 8DC2EF4F0486A6940098B216;
			remoteInfo = CHM.framework;
		};
/* End PBXContainerItemProxy section */

/* Begin PBXCopyFilesBuildPhase section */
		556D13841FB28D8700A73608 /* Embed Frameworks */ = {
			isa = PBXCopyFilesBuildPhase;
			buildActionMask = 2147483647;
			dstPath = "";
			dstSubfolderSpec = 10;
			files = (
				556D13811FB28D8700A73608 /* CHM.framework in Embed Frameworks */,
			);
			name = "Embed Frameworks";
			runOnlyForDeploymentPostprocessing = 0;
		};
/* End PBXCopyFilesBuildPhase section */

/* Begin PBXFileReference section */
		1058C7A7FEA54F5311CA2CBB /* Cocoa.framework */ = {isa = PBXFileReference; lastKnownFileType = wrapper.framework; name = Cocoa.framework; path = System/Library/Frameworks/Cocoa.framework; sourceTree = SDKROOT; };
		2A37F4B0FDCFA73011CA2CEA /* main.m */ = {isa = PBXFileReference; fileEncoding = 30; lastKnownFileType = sourcecode.c.objc; path = main.m; sourceTree = "<group>"; };
		2A37F4BAFDCFA73011CA2CEA /* en */ = {isa = PBXFileReference; lastKnownFileType = text.rtf; name = en; path = en.lproj/Credits.rtf; sourceTree = "<group>"; };
		2A37F4C4FDCFA73011CA2CEA /* AppKit.framework */ = {isa = PBXFileReference; lastKnownFileType = wrapper.framework; name = AppKit.framework; path = System/Library/Frameworks/AppKit.framework; sourceTree = SDKROOT; };
		2A37F4C5FDCFA73011CA2CEA /* Foundation.framework */ = {isa = PBXFileReference; lastKnownFileType = wrapper.framework; name = Foundation.framework; path = System/Library/Frameworks/Foundation.framework; sourceTree = SDKROOT; };
		442BB9D40653EB340041C2A9 /* CHMURLProtocol.h */ = {isa = PBXFileReference; fileEncoding = 4; lastKnownFileType = sourcecode.c.h; path = CHMURLProtocol.h; sourceTree = "<group>"; };
		442BB9D50653EB340041C2A9 /* CHMURLProtocol.m */ = {isa = PBXFileReference; fileEncoding = 4; lastKnownFileType = sourcecode.c.objc; path = CHMURLProtocol.m; sourceTree = "<group>"; };
		442BBA2F0653ED630041C2A9 /* CHMContainer.h */ = {isa = PBXFileReference; fileEncoding = 4; lastKnownFileType = sourcecode.c.h; path = CHMContainer.h; sourceTree = "<group>"; };
		442BBA300653ED630041C2A9 /* CHMContainer.m */ = {isa = PBXFileReference; fileEncoding = 4; lastKnownFileType = sourcecode.c.objc; path = CHMContainer.m; sourceTree = "<group>"; };
		442BBB300653F73E0041C2A9 /* WebKit.framework */ = {isa = PBXFileReference; lastKnownFileType = wrapper.framework; name = WebKit.framework; path = System/Library/Frameworks/WebKit.framework; sourceTree = SDKROOT; };
		443011A2067E1E0C0054A7C5 /* TODO.txt */ = {isa = PBXFileReference; fileEncoding = 4; lastKnownFileType = text; path = TODO.txt; sourceTree = "<group>"; };
		443011AC067E2B340054A7C5 /* CHANGES.txt */ = {isa = PBXFileReference; fileEncoding = 4; lastKnownFileType = text; path = CHANGES.txt; sourceTree = "<group>"; };
		443EA40607B2DF6C00C46016 /* application.icns */ = {isa = PBXFileReference; lastKnownFileType = image.icns; path = application.icns; sourceTree = "<group>"; };
		445DEACA07B4085C0008D692 /* en */ = {isa = PBXFileReference; fileEncoding = 4; lastKnownFileType = text.plist.strings; name = en; path = en.lproj/Localizable.strings; sourceTree = "<group>"; };
		445DEAD907B409900008D692 /* fr */ = {isa = PBXFileReference; lastKnownFileType = text.plist.strings; name = fr; path = fr.lproj/Localizable.strings; sourceTree = "<group>"; };
		445DEAEB07B40A9F0008D692 /* de */ = {isa = PBXFileReference; lastKnownFileType = text.plist.strings; name = de; path = de.lproj/Localizable.strings; sourceTree = "<group>"; };
		448AF5A0064AA5E100FA37BD /* CHMDocument.h */ = {isa = PBXFileReference; fileEncoding = 4; lastKnownFileType = sourcecode.c.h; path = CHMDocument.h; sourceTree = "<group>"; };
		448AF5A1064AA5E100FA37BD /* CHMDocument.m */ = {isa = PBXFileReference; fileEncoding = 4; lastKnownFileType = sourcecode.c.objc; path = CHMDocument.m; sourceTree = "<group>"; };
		448AF5AA064AE52F00FA37BD /* CHMWindowController.h */ = {isa = PBXFileReference; fileEncoding = 4; lastKnownFileType = sourcecode.c.h; path = CHMWindowController.h; sourceTree = "<group>"; };
		448AF5AB064AE52F00FA37BD /* CHMWindowController.m */ = {isa = PBXFileReference; fileEncoding = 4; lastKnownFileType = sourcecode.c.objc; path = CHMWindowController.m; sourceTree = "<group>"; };
		448CC7E5068A2ED200F9B0DB /* LGPL.r */ = {isa = PBXFileReference; fileEncoding = 4; lastKnownFileType = sourcecode.rez; path = LGPL.r; sourceTree = "<group>"; };
		44916E9C07B97CED0095F0CE /* it */ = {isa = PBXFileReference; lastKnownFileType = text.rtf; name = it; path = it.lproj/Credits.rtf; sourceTree = "<group>"; };
		44923A78072C57E90070AA26 /* CHMApplication.h */ = {isa = PBXFileReference; fileEncoding = 4; lastKnownFileType = sourcecode.c.h; path = CHMApplication.h; sourceTree = "<group>"; };
		44923A79072C57E90070AA26 /* CHMApplication.m */ = {isa = PBXFileReference; fileEncoding = 4; lastKnownFileType = sourcecode.c.objc; path = CHMApplication.m; sourceTree = "<group>"; };
		4492A06607BF9876007B237D /* fa */ = {isa = PBXFileReference; lastKnownFileType = text.rtf; name = fa; path = fa.lproj/Credits.rtf; sourceTree = "<group>"; };
		4492A06A07BF98B1007B237D /* fa */ = {isa = PBXFileReference; lastKnownFileType = text.plist.strings; name = fa; path = fa.lproj/Localizable.strings; sourceTree = "<group>"; };
		44949779073D406800D8BC20 /* MacPAD.url */ = {isa = PBXFileReference; fileEncoding = 4; lastKnownFileType = text; path = MacPAD.url; sourceTree = SOURCE_ROOT; };
		44949839073D56ED00D8BC20 /* MacPAD.plist */ = {isa = PBXFileReference; fileEncoding = 4; lastKnownFileType = text.plist.xml; path = MacPAD.plist; sourceTree = SOURCE_ROOT; };
		4494984C073D5A1700D8BC20 /* MacPADSocket.h */ = {isa = PBXFileReference; fileEncoding = 4; lastKnownFileType = sourcecode.c.h; path = MacPADSocket.h; sourceTree = "<group>"; };
		4494984D073D5A1700D8BC20 /* MacPADSocket.m */ = {isa = PBXFileReference; fileEncoding = 4; lastKnownFileType = sourcecode.c.objc; path = MacPADSocket.m; sourceTree = "<group>"; };
		44A2655E080EEB5800273DC8 /* zh_TW */ = {isa = PBXFileReference; lastKnownFileType = text.rtf; name = zh_TW; path = zh_TW.lproj/Credits.rtf; sourceTree = "<group>"; };
		44A2657F080EEBBD00273DC8 /* zh_TW */ = {isa = PBXFileReference; lastKnownFileType = text.plist.strings; name = zh_TW; path = zh_TW.lproj/Localizable.strings; sourceTree = "<group>"; };
		44B501B006A587BA00CE0A8E /* CHMVersionChecker.h */ = {isa = PBXFileReference; fileEncoding = 4; lastKnownFileType = sourcecode.c.h; path = CHMVersionChecker.h; sourceTree = "<group>"; };
		44B501B106A587BA00CE0A8E /* CHMVersionChecker.m */ = {isa = PBXFileReference; fileEncoding = 4; lastKnownFileType = sourcecode.c.objc; path = CHMVersionChecker.m; sourceTree = "<group>"; };
		44B7AED10675301E00B51920 /* chmdoc.icns */ = {isa = PBXFileReference; lastKnownFileType = image.icns; path = chmdoc.icns; sourceTree = "<group>"; };
		44B8E1B807B8245D002BF574 /* it */ = {isa = PBXFileReference; lastKnownFileType = text.plist.strings; name = it; path = it.lproj/Localizable.strings; sourceTree = "<group>"; };
		44D62F6906D94D5500C6711F /* fr */ = {isa = PBXFileReference; lastKnownFileType = text.rtf; name = fr; path = fr.lproj/Credits.rtf; sourceTree = "<group>"; };
		44D7FFF0065A9C7B00D2B23E /* prefix.pch */ = {isa = PBXFileReference; fileEncoding = 4; lastKnownFileType = sourcecode.c.h; path = prefix.pch; sourceTree = "<group>"; };
		44DA07230694985300777FAE /* LICENSE.txt */ = {isa = PBXFileReference; fileEncoding = 4; lastKnownFileType = text; path = LICENSE.txt; sourceTree = SOURCE_ROOT; };
		44F984BD06576CA60076336E /* CHMTopic.h */ = {isa = PBXFileReference; fileEncoding = 4; lastKnownFileType = sourcecode.c.h; path = CHMTopic.h; sourceTree = "<group>"; };
		44F984BE06576CA60076336E /* CHMTopic.m */ = {isa = PBXFileReference; fileEncoding = 4; lastKnownFileType = sourcecode.c.objc; path = CHMTopic.m; sourceTree = "<group>"; };
		556D13661FB284E900A73608 /* CHM Framework.xcodeproj */ = {isa = PBXFileReference; lastKnownFileType = "wrapper.pb-project"; name = "CHM Framework.xcodeproj"; path = "chmlib/osx/CHMFramework/CHM Framework.xcodeproj"; sourceTree = "<group>"; };
		557859041E54B14B0043CC15 /* CoreData.framework */ = {isa = PBXFileReference; lastKnownFileType = wrapper.framework; name = CoreData.framework; path = System/Library/Frameworks/CoreData.framework; sourceTree = SDKROOT; };
		557859051E54B14B0043CC15 /* CoreFoundation.framework */ = {isa = PBXFileReference; lastKnownFileType = wrapper.framework; name = CoreFoundation.framework; path = System/Library/Frameworks/CoreFoundation.framework; sourceTree = SDKROOT; };
		557859061E54B14B0043CC15 /* CoreServices.framework */ = {isa = PBXFileReference; lastKnownFileType = wrapper.framework; name = CoreServices.framework; path = System/Library/Frameworks/CoreServices.framework; sourceTree = SDKROOT; };
		559150AB1E5511540011313A /* Chmox-Bridging-Header.h */ = {isa = PBXFileReference; lastKnownFileType = sourcecode.c.h; path = "Chmox-Bridging-Header.h"; sourceTree = "<group>"; };
		559150AC1E5511540011313A /* CHMTableOfContents.swift */ = {isa = PBXFileReference; fileEncoding = 4; lastKnownFileType = sourcecode.swift; path = CHMTableOfContents.swift; sourceTree = "<group>"; };
		55B009FC1E54D4FD0037EE6E /* Base */ = {isa = PBXFileReference; lastKnownFileType = file.xib; name = Base; path = Base.lproj/MainMenu.xib; sourceTree = "<group>"; };
		55B009FD1E54D4FD0037EE6E /* Base */ = {isa = PBXFileReference; lastKnownFileType = file.xib; name = Base; path = Base.lproj/CHMDocument.xib; sourceTree = "<group>"; };
		55B009FE1E54D4FE0037EE6E /* Base */ = {isa = PBXFileReference; lastKnownFileType = file.xib; name = Base; path = Base.lproj/VersionChecker.xib; sourceTree = "<group>"; };
		55B00A001E54D5270037EE6E /* en */ = {isa = PBXFileReference; lastKnownFileType = text.plist.strings; name = en; path = en.lproj/MainMenu.strings; sourceTree = "<group>"; };
		55B00A021E54D5360037EE6E /* en */ = {isa = PBXFileReference; lastKnownFileType = text.plist.strings; name = en; path = en.lproj/CHMDocument.strings; sourceTree = "<group>"; };
		55B00A041E54D5460037EE6E /* en */ = {isa = PBXFileReference; lastKnownFileType = text.plist.strings; name = en; path = en.lproj/VersionChecker.strings; sourceTree = "<group>"; };
		55B00A051E54D5560037EE6E /* fr */ = {isa = PBXFileReference; lastKnownFileType = text.plist.strings; name = fr; path = fr.lproj/MainMenu.strings; sourceTree = "<group>"; };
		55B00A061E54D5660037EE6E /* de */ = {isa = PBXFileReference; lastKnownFileType = text.plist.strings; name = de; path = de.lproj/MainMenu.strings; sourceTree = "<group>"; };
		55B00A071E54D5700037EE6E /* it */ = {isa = PBXFileReference; lastKnownFileType = text.plist.strings; name = it; path = it.lproj/MainMenu.strings; sourceTree = "<group>"; };
		55B00A081E54D5770037EE6E /* fa */ = {isa = PBXFileReference; lastKnownFileType = text.plist.strings; name = fa; path = fa.lproj/MainMenu.strings; sourceTree = "<group>"; };
		55B00A091E54D57D0037EE6E /* zh-Hant */ = {isa = PBXFileReference; lastKnownFileType = text.plist.strings; name = "zh-Hant"; path = zh_TW.lproj/MainMenu.strings; sourceTree = "<group>"; };
		55B00A0A1E54D5AE0037EE6E /* fr */ = {isa = PBXFileReference; lastKnownFileType = text.plist.strings; name = fr; path = fr.lproj/CHMDocument.strings; sourceTree = "<group>"; };
		55B00A0B1E54D5B30037EE6E /* de */ = {isa = PBXFileReference; lastKnownFileType = text.plist.strings; name = de; path = de.lproj/CHMDocument.strings; sourceTree = "<group>"; };
		55B00A0C1E54D5B70037EE6E /* it */ = {isa = PBXFileReference; lastKnownFileType = text.plist.strings; name = it; path = it.lproj/CHMDocument.strings; sourceTree = "<group>"; };
		55B00A0D1E54D5BB0037EE6E /* fa */ = {isa = PBXFileReference; lastKnownFileType = text.plist.strings; name = fa; path = fa.lproj/CHMDocument.strings; sourceTree = "<group>"; };
		55B00A0E1E54D5C60037EE6E /* fr */ = {isa = PBXFileReference; lastKnownFileType = text.plist.strings; name = fr; path = fr.lproj/VersionChecker.strings; sourceTree = "<group>"; };
		55B00A0F1E54D5D00037EE6E /* de */ = {isa = PBXFileReference; lastKnownFileType = text.plist.strings; name = de; path = de.lproj/VersionChecker.strings; sourceTree = "<group>"; };
		55B00A101E54D5D90037EE6E /* it */ = {isa = PBXFileReference; lastKnownFileType = text.plist.strings; name = it; path = it.lproj/VersionChecker.strings; sourceTree = "<group>"; };
		55B00A111E54D5E80037EE6E /* fa */ = {isa = PBXFileReference; lastKnownFileType = text.plist.strings; name = fa; path = fa.lproj/VersionChecker.strings; sourceTree = "<group>"; };
		55B00A121E54D5F10037EE6E /* zh-Hant */ = {isa = PBXFileReference; lastKnownFileType = text.plist.strings; name = "zh-Hant"; path = zh_TW.lproj/VersionChecker.strings; sourceTree = "<group>"; };
		55B23B821E54325E009C456D /* en */ = {isa = PBXFileReference; fileEncoding = 4; lastKnownFileType = text.plist.strings; name = en; path = en.lproj/InfoPlist.strings; sourceTree = "<group>"; };
		55B23B841E543B2C009C456D /* Media.xcassets */ = {isa = PBXFileReference; lastKnownFileType = folder.assetcatalog; path = Media.xcassets; sourceTree = "<group>"; };
		55D973F21E54B36300355BE3 /* libxml2.tbd */ = {isa = PBXFileReference; lastKnownFileType = "sourcecode.text-based-dylib-definition"; name = libxml2.tbd; path = usr/lib/libxml2.tbd; sourceTree = SDKROOT; };
		8D15AC360486D014006FF6A4 /* Info.plist */ = {isa = PBXFileReference; fileEncoding = 4; lastKnownFileType = text.plist; path = Info.plist; sourceTree = "<group>"; };
		8D15AC370486D014006FF6A4 /* Chmox.app */ = {isa = PBXFileReference; explicitFileType = wrapper.application; includeInIndex = 0; path = Chmox.app; sourceTree = BUILT_PRODUCTS_DIR; };
/* End PBXFileReference section */

/* Begin PBXFrameworksBuildPhase section */
		8D15AC330486D014006FF6A4 /* Frameworks */ = {
			isa = PBXFrameworksBuildPhase;
			buildActionMask = 2147483647;
			files = (
				556D137A1FB284FB00A73608 /* CHM.framework in Frameworks */,
				8D15AC340486D014006FF6A4 /* Cocoa.framework in Frameworks */,
				442BBB310653F73E0041C2A9 /* WebKit.framework in Frameworks */,
				55D973F31E54B36300355BE3 /* libxml2.tbd in Frameworks */,
			);
			runOnlyForDeploymentPostprocessing = 0;
		};
/* End PBXFrameworksBuildPhase section */

/* Begin PBXGroup section */
		1058C7A8FEA54F5311CA2CBB /* Other Frameworks */ = {
			isa = PBXGroup;
			children = (
				557859041E54B14B0043CC15 /* CoreData.framework */,
				557859051E54B14B0043CC15 /* CoreFoundation.framework */,
				557859061E54B14B0043CC15 /* CoreServices.framework */,
				2A37F4C5FDCFA73011CA2CEA /* Foundation.framework */,
				2A37F4C4FDCFA73011CA2CEA /* AppKit.framework */,
			);
			name = "Other Frameworks";
			sourceTree = "<group>";
		};
		19C28FB0FE9D524F11CA2CBB /* Products */ = {
			isa = PBXGroup;
			children = (
				8D15AC370486D014006FF6A4 /* Chmox.app */,
			);
			name = Products;
			sourceTree = "<group>";
		};
		2A37F4AAFDCFA73011CA2CEA /* Chmox */ = {
			isa = PBXGroup;
			children = (
				556D13651FB284C200A73608 /* Third-Party */,
				2A37F4ABFDCFA73011CA2CEA /* Classes */,
				2A37F4AFFDCFA73011CA2CEA /* Other Sources */,
				2A37F4B8FDCFA73011CA2CEA /* Resources */,
				2A37F4C3FDCFA73011CA2CEA /* Frameworks */,
				19C28FB0FE9D524F11CA2CBB /* Products */,
				443011A2067E1E0C0054A7C5 /* TODO.txt */,
				443011AC067E2B340054A7C5 /* CHANGES.txt */,
			);
			name = Chmox;
			sourceTree = "<group>";
		};
		2A37F4ABFDCFA73011CA2CEA /* Classes */ = {
			isa = PBXGroup;
			children = (
				44923A78072C57E90070AA26 /* CHMApplication.h */,
				44923A79072C57E90070AA26 /* CHMApplication.m */,
				44B501B006A587BA00CE0A8E /* CHMVersionChecker.h */,
				44B501B106A587BA00CE0A8E /* CHMVersionChecker.m */,
				448AF5A0064AA5E100FA37BD /* CHMDocument.h */,
				448AF5A1064AA5E100FA37BD /* CHMDocument.m */,
				448AF5AA064AE52F00FA37BD /* CHMWindowController.h */,
				448AF5AB064AE52F00FA37BD /* CHMWindowController.m */,
				442BB9D40653EB340041C2A9 /* CHMURLProtocol.h */,
				442BB9D50653EB340041C2A9 /* CHMURLProtocol.m */,
				442BBA2F0653ED630041C2A9 /* CHMContainer.h */,
				442BBA300653ED630041C2A9 /* CHMContainer.m */,
				44F984BD06576CA60076336E /* CHMTopic.h */,
				44F984BE06576CA60076336E /* CHMTopic.m */,
				559150AC1E5511540011313A /* CHMTableOfContents.swift */,
				559150AB1E5511540011313A /* Chmox-Bridging-Header.h */,
			);
			name = Classes;
			sourceTree = "<group>";
			usesTabs = 1;
		};
		2A37F4AFFDCFA73011CA2CEA /* Other Sources */ = {
			isa = PBXGroup;
			children = (
				4494984B073D5A1700D8BC20 /* MacPAD */,
				44D7FFF0065A9C7B00D2B23E /* prefix.pch */,
				2A37F4B0FDCFA73011CA2CEA /* main.m */,
			);
			name = "Other Sources";
			sourceTree = "<group>";
		};
		2A37F4B8FDCFA73011CA2CEA /* Resources */ = {
			isa = PBXGroup;
			children = (
				445DEACC07B4086C0008D692 /* Localizable.strings */,
				443EA40607B2DF6C00C46016 /* application.icns */,
				44949839073D56ED00D8BC20 /* MacPAD.plist */,
				44949779073D406800D8BC20 /* MacPAD.url */,
				44DA07230694985300777FAE /* LICENSE.txt */,
				448CC7E5068A2ED200F9B0DB /* LGPL.r */,
				44B7AED10675301E00B51920 /* chmdoc.icns */,
				2A37F4B9FDCFA73011CA2CEA /* Credits.rtf */,
				2A37F4B6FDCFA73011CA2CEA /* MainMenu.xib */,
				44A2657B080EEB8900273DC8 /* CHMDocument.xib */,
				44B501C806A58D3300CE0A8E /* VersionChecker.xib */,
				8D15AC360486D014006FF6A4 /* Info.plist */,
				55B23B831E54325E009C456D /* InfoPlist.strings */,
				55B23B841E543B2C009C456D /* Media.xcassets */,
			);
			path = Resources;
			sourceTree = "<group>";
		};
		2A37F4C3FDCFA73011CA2CEA /* Frameworks */ = {
			isa = PBXGroup;
			children = (
				55D973F21E54B36300355BE3 /* libxml2.tbd */,
				442BBB300653F73E0041C2A9 /* WebKit.framework */,
				1058C7A7FEA54F5311CA2CBB /* Cocoa.framework */,
				1058C7A8FEA54F5311CA2CBB /* Other Frameworks */,
			);
			name = Frameworks;
			sourceTree = "<group>";
		};
		4494984B073D5A1700D8BC20 /* MacPAD */ = {
			isa = PBXGroup;
			children = (
				4494984C073D5A1700D8BC20 /* MacPADSocket.h */,
				4494984D073D5A1700D8BC20 /* MacPADSocket.m */,
			);
			path = MacPAD;
			sourceTree = SOURCE_ROOT;
			usesTabs = 0;
		};
		556D13651FB284C200A73608 /* Third-Party */ = {
			isa = PBXGroup;
			children = (
				556D13661FB284E900A73608 /* CHM Framework.xcodeproj */,
			);
			name = "Third-Party";
			path = Vendor;
			sourceTree = "<group>";
		};
		556D13671FB284E900A73608 /* Products */ = {
			isa = PBXGroup;
			children = (
				556D136F1FB284E900A73608 /* CHM.framework */,
				556D13711FB284E900A73608 /* test */,
				556D13731FB284E900A73608 /* enum_chmLib */,
				556D13751FB284E900A73608 /* extract_chmLib */,
				556D13771FB284E900A73608 /* chm_http */,
			);
			name = Products;
			sourceTree = "<group>";
		};
/* End PBXGroup section */

/* Begin PBXNativeTarget section */
		8D15AC270486D014006FF6A4 /* Chmox */ = {
			isa = PBXNativeTarget;
			buildConfigurationList = 44F062600AF411D000B95F3E /* Build configuration list for PBXNativeTarget "Chmox" */;
			buildPhases = (
				8D15AC2B0486D014006FF6A4 /* Resources */,
				8D15AC300486D014006FF6A4 /* Sources */,
				8D15AC330486D014006FF6A4 /* Frameworks */,
				448CC7FD068A319600F9B0DB /* ShellScript */,
				556D13841FB28D8700A73608 /* Embed Frameworks */,
			);
			buildRules = (
			);
			dependencies = (
				556D13791FB284F500A73608 /* PBXTargetDependency */,
				556D13831FB28D8700A73608 /* PBXTargetDependency */,
			);
			name = Chmox;
			productInstallPath = "$(HOME)/Applications";
			productName = "CHM Viewer";
			productReference = 8D15AC370486D014006FF6A4 /* Chmox.app */;
			productType = "com.apple.product-type.application";
		};
/* End PBXNativeTarget section */

/* Begin PBXProject section */
		2A37F4A9FDCFA73011CA2CEA /* Project object */ = {
			isa = PBXProject;
			attributes = {
				LastUpgradeCheck = 0910;
				TargetAttributes = {
					8D15AC270486D014006FF6A4 = {
						LastSwiftMigration = 0910;
					};
				};
			};
			buildConfigurationList = 44F062640AF411D000B95F3E /* Build configuration list for PBXProject "chmox" */;
			compatibilityVersion = "Xcode 3.2";
			developmentRegion = en;
			hasScannedForEncodings = 1;
			knownRegions = (
				en,
				ja,
				fr,
				de,
				it,
				fa,
				zh_TW,
				Base,
			);
			mainGroup = 2A37F4AAFDCFA73011CA2CEA /* Chmox */;
			projectDirPath = "";
			projectReferences = (
				{
					ProductGroup = 556D13671FB284E900A73608 /* Products */;
					ProjectRef = 556D13661FB284E900A73608 /* CHM Framework.xcodeproj */;
				},
			);
			projectRoot = "";
			targets = (
				8D15AC270486D014006FF6A4 /* Chmox */,
			);
		};
/* End PBXProject section */

/* Begin PBXReferenceProxy section */
		556D136F1FB284E900A73608 /* CHM.framework */ = {
			isa = PBXReferenceProxy;
			fileType = wrapper.framework;
			path = CHM.framework;
			remoteRef = 556D136E1FB284E900A73608 /* PBXContainerItemProxy */;
			sourceTree = BUILT_PRODUCTS_DIR;
		};
		556D13711FB284E900A73608 /* test */ = {
			isa = PBXReferenceProxy;
			fileType = "compiled.mach-o.executable";
			path = test;
			remoteRef = 556D13701FB284E900A73608 /* PBXContainerItemProxy */;
			sourceTree = BUILT_PRODUCTS_DIR;
		};
		556D13731FB284E900A73608 /* enum_chmLib */ = {
			isa = PBXReferenceProxy;
			fileType = "compiled.mach-o.executable";
			path = enum_chmLib;
			remoteRef = 556D13721FB284E900A73608 /* PBXContainerItemProxy */;
			sourceTree = BUILT_PRODUCTS_DIR;
		};
		556D13751FB284E900A73608 /* extract_chmLib */ = {
			isa = PBXReferenceProxy;
			fileType = "compiled.mach-o.executable";
			path = extract_chmLib;
			remoteRef = 556D13741FB284E900A73608 /* PBXContainerItemProxy */;
			sourceTree = BUILT_PRODUCTS_DIR;
		};
		556D13771FB284E900A73608 /* chm_http */ = {
			isa = PBXReferenceProxy;
			fileType = "compiled.mach-o.executable";
			path = chm_http;
			remoteRef = 556D13761FB284E900A73608 /* PBXContainerItemProxy */;
			sourceTree = BUILT_PRODUCTS_DIR;
		};
/* End PBXReferenceProxy section */

/* Begin PBXResourcesBuildPhase section */
		8D15AC2B0486D014006FF6A4 /* Resources */ = {
			isa = PBXResourcesBuildPhase;
			buildActionMask = 2147483647;
			files = (
				8D15AC2C0486D014006FF6A4 /* Credits.rtf in Resources */,
				8D15AC2D0486D014006FF6A4 /* MainMenu.xib in Resources */,
				44A2657C080EEB8900273DC8 /* CHMDocument.xib in Resources */,
				55B23B811E54325E009C456D /* InfoPlist.strings in Resources */,
				55B23B851E543B2C009C456D /* Media.xcassets in Resources */,
				44B501C906A58D3300CE0A8E /* VersionChecker.xib in Resources */,
				4494977A073D406800D8BC20 /* MacPAD.url in Resources */,
				445DEACD07B4086C0008D692 /* Localizable.strings in Resources */,
			);
			runOnlyForDeploymentPostprocessing = 0;
		};
/* End PBXResourcesBuildPhase section */

/* Begin PBXShellScriptBuildPhase section */
		448CC7FD068A319600F9B0DB /* ShellScript */ = {
			isa = PBXShellScriptBuildPhase;
			buildActionMask = 8;
			files = (
			);
			inputPaths = (
				"$(SRCROOT)/Resources/LGPL.r",
			);
			outputPaths = (
			);
			runOnlyForDeploymentPostprocessing = 1;
			shellPath = /bin/sh;
			shellScript = "# Create DMG for delivery\n\n#DELIVERABLE_SIZE=2 # megabytes\n\nDELIVERABLE_SIZE=`du -kcL \"$BUILT_PRODUCTS_DIR/$FULL_PRODUCT_NAME\" | tail -1 | cut -f1`\nDELIVERABLE_SIZE=`expr \\( $DELIVERABLE_SIZE + 1500 \\) / 1024`\n\nDELIVERABLE_INTERMEDIATE_FILENAME=\"$TEMP_FILES_DIR/$PRODUCT_NAME.dmg\"\nDELIVERABLE_VERSION=`defaults read \"$BUILT_PRODUCTS_DIR/$FULL_PRODUCT_NAME/Contents/Info\" CFBundleVersion`\nDELIVERABLE_FILENAME=\"$HOME/Desktop/$PRODUCT_NAME-$DELIVERABLE_VERSION.dmg\"\nDELIVERABLE_VOLUME_NAME=\"$PRODUCT_NAME $DELIVERABLE_VERSION\"\n\nrm -f $DELIVERABLE_INTERMEDIATE_FILENAME\nhdiutil create \"$DELIVERABLE_INTERMEDIATE_FILENAME\" -ov -megabytes $DELIVERABLE_SIZE -fs HFS+ -volname \"$DELIVERABLE_VOLUME_NAME\"\n\nDELIVERABLE_DEVICE=`hdiutil attach -private \"$DELIVERABLE_INTERMEDIATE_FILENAME\" | grep Apple_partition_scheme | cut -f1`\n\n\"$SYSTEM_DEVELOPER_TOOLS/CpMac\" -r $BUILT_PRODUCTS_DIR/$FULL_PRODUCT_NAME \"/Volumes/$DELIVERABLE_VOLUME_NAME\"\n\nhdiutil detach $DELIVERABLE_DEVICE\n\nrm -f $DELIVERABLE_FILENAME\nhdiutil convert \"$DELIVERABLE_INTERMEDIATE_FILENAME\" -format UDZO -imagekey zlib-level=9 -o \"$DELIVERABLE_FILENAME\"\nrm -f $DELIVERABLE_INTERMEDIATE_FILENAME\n\nhdiutil unflatten \"$DELIVERABLE_FILENAME\"\n\"$SYSTEM_DEVELOPER_TOOLS/Rez\" \"$SOURCE_ROOT/Resources/LGPL.r\" -a -o \"$DELIVERABLE_FILENAME\"\nhdiutil flatten \"$DELIVERABLE_FILENAME\"\n";
		};
/* End PBXShellScriptBuildPhase section */

/* Begin PBXSourcesBuildPhase section */
		8D15AC300486D014006FF6A4 /* Sources */ = {
			isa = PBXSourcesBuildPhase;
			buildActionMask = 2147483647;
			files = (
				8D15AC320486D014006FF6A4 /* main.m in Sources */,
				559150AD1E5511540011313A /* CHMTableOfContents.swift in Sources */,
				448AF5A3064AA5E100FA37BD /* CHMDocument.m in Sources */,
				448AF5AD064AE52F00FA37BD /* CHMWindowController.m in Sources */,
				442BB9D70653EB340041C2A9 /* CHMURLProtocol.m in Sources */,
				442BBA320653ED630041C2A9 /* CHMContainer.m in Sources */,
				44F984C006576CA60076336E /* CHMTopic.m in Sources */,
				44B501B306A587BA00CE0A8E /* CHMVersionChecker.m in Sources */,
				44923A7B072C57E90070AA26 /* CHMApplication.m in Sources */,
				4494984F073D5A1700D8BC20 /* MacPADSocket.m in Sources */,
			);
			runOnlyForDeploymentPostprocessing = 0;
		};
/* End PBXSourcesBuildPhase section */

/* Begin PBXTargetDependency section */
		556D13791FB284F500A73608 /* PBXTargetDependency */ = {
			isa = PBXTargetDependency;
			name = CHM.framework;
			targetProxy = 556D13781FB284F500A73608 /* PBXContainerItemProxy */;
		};
		556D13831FB28D8700A73608 /* PBXTargetDependency */ = {
			isa = PBXTargetDependency;
			name = CHM.framework;
			targetProxy = 556D13821FB28D8700A73608 /* PBXContainerItemProxy */;
		};
/* End PBXTargetDependency section */

/* Begin PBXVariantGroup section */
		2A37F4B6FDCFA73011CA2CEA /* MainMenu.xib */ = {
			isa = PBXVariantGroup;
			children = (
				55B009FC1E54D4FD0037EE6E /* Base */,
				55B00A001E54D5270037EE6E /* en */,
				55B00A051E54D5560037EE6E /* fr */,
				55B00A061E54D5660037EE6E /* de */,
				55B00A071E54D5700037EE6E /* it */,
				55B00A081E54D5770037EE6E /* fa */,
				55B00A091E54D57D0037EE6E /* zh-Hant */,
			);
			name = MainMenu.xib;
			sourceTree = "<group>";
		};
		2A37F4B9FDCFA73011CA2CEA /* Credits.rtf */ = {
			isa = PBXVariantGroup;
			children = (
				2A37F4BAFDCFA73011CA2CEA /* en */,
				44D62F6906D94D5500C6711F /* fr */,
				44916E9C07B97CED0095F0CE /* it */,
				4492A06607BF9876007B237D /* fa */,
				44A2655E080EEB5800273DC8 /* zh_TW */,
			);
			name = Credits.rtf;
			sourceTree = "<group>";
		};
		445DEACC07B4086C0008D692 /* Localizable.strings */ = {
			isa = PBXVariantGroup;
			children = (
				445DEACA07B4085C0008D692 /* en */,
				445DEAD907B409900008D692 /* fr */,
				445DEAEB07B40A9F0008D692 /* de */,
				44B8E1B807B8245D002BF574 /* it */,
				4492A06A07BF98B1007B237D /* fa */,
				44A2657F080EEBBD00273DC8 /* zh_TW */,
			);
			name = Localizable.strings;
			sourceTree = "<group>";
		};
		44A2657B080EEB8900273DC8 /* CHMDocument.xib */ = {
			isa = PBXVariantGroup;
			children = (
				55B009FD1E54D4FD0037EE6E /* Base */,
				55B00A021E54D5360037EE6E /* en */,
				55B00A0A1E54D5AE0037EE6E /* fr */,
				55B00A0B1E54D5B30037EE6E /* de */,
				55B00A0C1E54D5B70037EE6E /* it */,
				55B00A0D1E54D5BB0037EE6E /* fa */,
			);
			name = CHMDocument.xib;
			sourceTree = "<group>";
		};
		44B501C806A58D3300CE0A8E /* VersionChecker.xib */ = {
			isa = PBXVariantGroup;
			children = (
				55B009FE1E54D4FE0037EE6E /* Base */,
				55B00A041E54D5460037EE6E /* en */,
				55B00A0E1E54D5C60037EE6E /* fr */,
				55B00A0F1E54D5D00037EE6E /* de */,
				55B00A101E54D5D90037EE6E /* it */,
				55B00A111E54D5E80037EE6E /* fa */,
				55B00A121E54D5F10037EE6E /* zh-Hant */,
			);
			name = VersionChecker.xib;
			sourceTree = "<group>";
		};
		55B23B831E54325E009C456D /* InfoPlist.strings */ = {
			isa = PBXVariantGroup;
			children = (
				55B23B821E54325E009C456D /* en */,
			);
			name = InfoPlist.strings;
			sourceTree = "<group>";
		};
/* End PBXVariantGroup section */

/* Begin XCBuildConfiguration section */
		44F062610AF411D000B95F3E /* Debug */ = {
			isa = XCBuildConfiguration;
			buildSettings = {
				ASSETCATALOG_COMPILER_APPICON_NAME = application;
				CLANG_ENABLE_OBJC_ARC = YES;
				GCC_C_LANGUAGE_STANDARD = gnu99;
				GCC_ENABLE_CPP_EXCEPTIONS = NO;
				GCC_ENABLE_CPP_RTTI = NO;
				GCC_ENABLE_FIX_AND_CONTINUE = YES;
				GCC_ENABLE_OBJC_EXCEPTIONS = YES;
				GCC_ENABLE_TRIGRAPHS = NO;
				GCC_GENERATE_DEBUGGING_SYMBOLS = YES;
				GCC_INCREASE_PRECOMPILED_HEADER_SHARING = YES;
				GCC_OPTIMIZATION_LEVEL = 0;
				GCC_PRECOMPILE_PREFIX_HEADER = NO;
				GCC_PREFIX_HEADER = prefix.pch;
				GCC_PREPROCESSOR_DEFINITIONS = (
					CHM_USE_PREAD,
					CHM_MT,
				);
				GCC_WARN_FOUR_CHARACTER_CONSTANTS = NO;
				GCC_WARN_SHADOW = YES;
				HEADER_SEARCH_PATHS = "$(SDK_DIR)/usr/include/libxml2";
				INFOPLIST_FILE = Resources/Info.plist;
				LD_RUNPATH_SEARCH_PATHS = "$(inherited) @executable_path/../Frameworks";
				OTHER_CFLAGS = "-DDEBUG_MODE";
				PRODUCT_BUNDLE_IDENTIFIER = net.sourceforge.Chmox;
				PRODUCT_NAME = Chmox;
				SKIP_INSTALL = NO;
				SWIFT_OBJC_BRIDGING_HEADER = "Chmox-Bridging-Header.h";
				SWIFT_VERSION = 4.0;
				WRAPPER_EXTENSION = app;
			};
			name = Debug;
		};
		44F062620AF411D000B95F3E /* Release */ = {
			isa = XCBuildConfiguration;
			buildSettings = {
				ASSETCATALOG_COMPILER_APPICON_NAME = application;
				CLANG_ENABLE_OBJC_ARC = YES;
				GCC_C_LANGUAGE_STANDARD = gnu99;
				GCC_ENABLE_CPP_EXCEPTIONS = NO;
				GCC_ENABLE_CPP_RTTI = NO;
				GCC_ENABLE_OBJC_EXCEPTIONS = YES;
				GCC_ENABLE_TRIGRAPHS = NO;
				GCC_GENERATE_DEBUGGING_SYMBOLS = YES;
				GCC_INCREASE_PRECOMPILED_HEADER_SHARING = YES;
				GCC_PRECOMPILE_PREFIX_HEADER = YES;
				GCC_PREFIX_HEADER = prefix.pch;
				GCC_PREPROCESSOR_DEFINITIONS = (
					CHM_USE_PREAD,
					CHM_MT,
				);
				GCC_WARN_FOUR_CHARACTER_CONSTANTS = NO;
				GCC_WARN_SHADOW = YES;
				HEADER_SEARCH_PATHS = "$(SDK_DIR)/usr/include/libxml2";
				INFOPLIST_FILE = Resources/Info.plist;
				LD_RUNPATH_SEARCH_PATHS = "$(inherited) @executable_path/../Frameworks";
				PRODUCT_BUNDLE_IDENTIFIER = net.sourceforge.Chmox;
				PRODUCT_NAME = Chmox;
				SKIP_INSTALL = NO;
				SWIFT_OBJC_BRIDGING_HEADER = "Chmox-Bridging-Header.h";
				SWIFT_VERSION = 4.0;
				WRAPPER_EXTENSION = app;
			};
			name = Release;
		};
		44F062650AF411D000B95F3E /* Debug */ = {
			isa = XCBuildConfiguration;
			buildSettings = {
				ALWAYS_SEARCH_USER_PATHS = NO;
				CLANG_ANALYZER_LOCALIZABILITY_NONLOCALIZED = YES;
				CLANG_ENABLE_MODULES = YES;
				CLANG_WARN_BLOCK_CAPTURE_AUTORELEASING = YES;
				CLANG_WARN_BOOL_CONVERSION = YES;
				CLANG_WARN_COMMA = YES;
				CLANG_WARN_CONSTANT_CONVERSION = YES;
				CLANG_WARN_DEPRECATED_OBJC_IMPLEMENTATIONS = YES;
				CLANG_WARN_EMPTY_BODY = YES;
				CLANG_WARN_ENUM_CONVERSION = YES;
				CLANG_WARN_INFINITE_RECURSION = YES;
				CLANG_WARN_INT_CONVERSION = YES;
				CLANG_WARN_NON_LITERAL_NULL_CONVERSION = YES;
				CLANG_WARN_OBJC_LITERAL_CONVERSION = YES;
				CLANG_WARN_RANGE_LOOP_ANALYSIS = YES;
				CLANG_WARN_STRICT_PROTOTYPES = YES;
				CLANG_WARN_SUSPICIOUS_MOVE = YES;
				CLANG_WARN_UNREACHABLE_CODE = YES;
				CLANG_WARN__DUPLICATE_METHOD_MATCH = YES;
				ENABLE_STRICT_OBJC_MSGSEND = YES;
				ENABLE_TESTABILITY = YES;
				GCC_NO_COMMON_BLOCKS = YES;
				GCC_WARN_64_TO_32_BIT_CONVERSION = YES;
				GCC_WARN_ABOUT_RETURN_TYPE = YES;
				GCC_WARN_UNDECLARED_SELECTOR = YES;
				GCC_WARN_UNINITIALIZED_AUTOS = YES;
				GCC_WARN_UNUSED_FUNCTION = YES;
				GCC_WARN_UNUSED_VARIABLE = YES;
				MACOSX_DEPLOYMENT_TARGET = 10.9;
				ONLY_ACTIVE_ARCH = YES;
				SDKROOT = macosx;
				SWIFT_OPTIMIZATION_LEVEL = "-Onone";
			};
			name = Debug;
		};
		44F062660AF411D000B95F3E /* Release */ = {
			isa = XCBuildConfiguration;
			buildSettings = {
				ALWAYS_SEARCH_USER_PATHS = NO;
				CLANG_ANALYZER_LOCALIZABILITY_NONLOCALIZED = YES;
				CLANG_ENABLE_MODULES = YES;
				CLANG_WARN_BLOCK_CAPTURE_AUTORELEASING = YES;
				CLANG_WARN_BOOL_CONVERSION = YES;
				CLANG_WARN_COMMA = YES;
				CLANG_WARN_CONSTANT_CONVERSION = YES;
				CLANG_WARN_DEPRECATED_OBJC_IMPLEMENTATIONS = YES;
				CLANG_WARN_EMPTY_BODY = YES;
				CLANG_WARN_ENUM_CONVERSION = YES;
				CLANG_WARN_INFINITE_RECURSION = YES;
				CLANG_WARN_INT_CONVERSION = YES;
				CLANG_WARN_NON_LITERAL_NULL_CONVERSION = YES;
				CLANG_WARN_OBJC_LITERAL_CONVERSION = YES;
				CLANG_WARN_RANGE_LOOP_ANALYSIS = YES;
				CLANG_WARN_STRICT_PROTOTYPES = YES;
				CLANG_WARN_SUSPICIOUS_MOVE = YES;
				CLANG_WARN_UNREACHABLE_CODE = YES;
				CLANG_WARN__DUPLICATE_METHOD_MATCH = YES;
				ENABLE_STRICT_OBJC_MSGSEND = YES;
				GCC_NO_COMMON_BLOCKS = YES;
				GCC_WARN_64_TO_32_BIT_CONVERSION = YES;
				GCC_WARN_ABOUT_RETURN_TYPE = YES;
				GCC_WARN_UNDECLARED_SELECTOR = YES;
				GCC_WARN_UNINITIALIZED_AUTOS = YES;
				GCC_WARN_UNUSED_FUNCTION = YES;
				GCC_WARN_UNUSED_VARIABLE = YES;
				MACOSX_DEPLOYMENT_TARGET = 10.9;
				SDKROOT = macosx;
				SWIFT_OPTIMIZATION_LEVEL = "-Owholemodule";
			};
			name = Release;
		};
/* End XCBuildConfiguration section */

/* Begin XCConfigurationList section */
		44F062600AF411D000B95F3E /* Build configuration list for PBXNativeTarget "Chmox" */ = {
			isa = XCConfigurationList;
			buildConfigurations = (
				44F062610AF411D000B95F3E /* Debug */,
				44F062620AF411D000B95F3E /* Release */,
			);
			defaultConfigurationIsVisible = 0;
			defaultConfigurationName = Release;
		};
		44F062640AF411D000B95F3E /* Build configuration list for PBXProject "chmox" */ = {
			isa = XCConfigurationList;
			buildConfigurations = (
				44F062650AF411D000B95F3E /* Debug */,
				44F062660AF411D000B95F3E /* Release */,
			);
			defaultConfigurationIsVisible = 0;
			defaultConfigurationName = Release;
		};
/* End XCConfigurationList section */
	};
	rootObject = 2A37F4A9FDCFA73011CA2CEA /* Project object */;
}
